// !$*UTF8*$!
{
	archiveVersion = 1;
	classes = {
	};
	objectVersion = 70;
	objects = {

/* Begin PBXBuildFile section */
		9211CEAD2CB53D6B00287AC5 /* DigerRaporDetayDraft1.swift in Sources */ = {isa = PBXBuildFile; fileRef = 9211CEAC2CB53D6B00287AC5 /* DigerRaporDetayDraft1.swift */; };
		922552632C568CFA00728673 /* Rotalar.swift in Sources */ = {isa = PBXBuildFile; fileRef = 9225525E2C568CF900728673 /* Rotalar.swift */; };
		922552642C568CFA00728673 /* Ana Sayfa.swift in Sources */ = {isa = PBXBuildFile; fileRef = 9225525F2C568CF900728673 /* Ana Sayfa.swift */; };
		922552652C568CFA00728673 /* Çalışanlar.swift in Sources */ = {isa = PBXBuildFile; fileRef = 922552602C568CF900728673 /* Çalışanlar.swift */; };
		922552672C568CFA00728673 /* Araçlar.swift in Sources */ = {isa = PBXBuildFile; fileRef = 922552622C568CFA00728673 /* Araçlar.swift */; };
		922552722C568DA000728673 /* Butonlar.swift in Sources */ = {isa = PBXBuildFile; fileRef = 9225526E2C568DA000728673 /* Butonlar.swift */; };
		922552732C568DA000728673 /* Genel.swift in Sources */ = {isa = PBXBuildFile; fileRef = 9225526F2C568DA000728673 /* Genel.swift */; };
		922552742C568DA000728673 /* Yazı Tipleri.swift in Sources */ = {isa = PBXBuildFile; fileRef = 922552702C568DA000728673 /* Yazı Tipleri.swift */; };
		9245CFBE2CB67A7F00B5B424 /* ToplamGiderler.swift in Sources */ = {isa = PBXBuildFile; fileRef = 9245CFBA2CB67A7F00B5B424 /* ToplamGiderler.swift */; };
		9245CFBF2CB67A7F00B5B424 /* YaklasanTarihler.swift in Sources */ = {isa = PBXBuildFile; fileRef = 9245CFBB2CB67A7F00B5B424 /* YaklasanTarihler.swift */; };
		924CBD402CA417110075F40A /* RotaOluştur.swift in Sources */ = {isa = PBXBuildFile; fileRef = 924CBD3F2CA417110075F40A /* RotaOluştur.swift */; };
		925EAA552C8475F5000BC695 /* CalisanEkle.swift in Sources */ = {isa = PBXBuildFile; fileRef = 925EAA542C8475F5000BC695 /* CalisanEkle.swift */; };
		925EAA572C849531000BC695 /* CalisanDetay.swift in Sources */ = {isa = PBXBuildFile; fileRef = 925EAA562C849531000BC695 /* CalisanDetay.swift */; };
		925EAA592C84A372000BC695 /* CalisanDetayGenelBilgiler.swift in Sources */ = {isa = PBXBuildFile; fileRef = 925EAA582C84A371000BC695 /* CalisanDetayGenelBilgiler.swift */; };
		925EAA5C2C84A5C5000BC695 /* CalisanDetayKaydedilenIslemler.swift in Sources */ = {isa = PBXBuildFile; fileRef = 925EAA5B2C84A5C5000BC695 /* CalisanDetayKaydedilenIslemler.swift */; };
		9294D2D02C57DEE000DEA119 /* AracEkle.swift in Sources */ = {isa = PBXBuildFile; fileRef = 9294D2CF2C57DEDF00DEA119 /* AracEkle.swift */; };
		9294D2D22C57E78200DEA119 /* Arac Detayi.swift in Sources */ = {isa = PBXBuildFile; fileRef = 9294D2D12C57E78100DEA119 /* Arac Detayi.swift */; };
		9294D2D42C584AF400DEA119 /* KısayollarSheet.swift in Sources */ = {isa = PBXBuildFile; fileRef = 9294D2D32C584AF400DEA119 /* KısayollarSheet.swift */; };
		9294D2D62C584C6C00DEA119 /* AracDetayGenelBilgiler.swift in Sources */ = {isa = PBXBuildFile; fileRef = 9294D2D52C584C6C00DEA119 /* AracDetayGenelBilgiler.swift */; };
		9294D2DB2C5910CF00DEA119 /* AracDetayIslemler.swift in Sources */ = {isa = PBXBuildFile; fileRef = 9294D2DA2C5910CF00DEA119 /* AracDetayIslemler.swift */; };
		9294D2DD2C5916E600DEA119 /* IslemDetayEkranı.swift in Sources */ = {isa = PBXBuildFile; fileRef = 9294D2DC2C5916E600DEA119 /* IslemDetayEkranı.swift */; };
		9294D2E32C593ADA00DEA119 /* AracRaporlari.swift in Sources */ = {isa = PBXBuildFile; fileRef = 9294D2E22C593ADA00DEA119 /* AracRaporlari.swift */; };
		929545422CAD3A4200822829 /* YakitRaporlariView.swift in Sources */ = {isa = PBXBuildFile; fileRef = 929545412CAD3A4200822829 /* YakitRaporlariView.swift */; };
		929545482CAD3A7E00822829 /* ArizaRaporlariView.swift in Sources */ = {isa = PBXBuildFile; fileRef = 929545472CAD3A7E00822829 /* ArizaRaporlariView.swift */; };
		92ADA99C2C5689F6004F3384 /* AutonomoApp.swift in Sources */ = {isa = PBXBuildFile; fileRef = 92ADA99B2C5689F6004F3384 /* AutonomoApp.swift */; };
		92ADA99E2C5689F6004F3384 /* MainTabView.swift in Sources */ = {isa = PBXBuildFile; fileRef = 92ADA99D2C5689F6004F3384 /* MainTabView.swift */; };
		92ADA9A02C5689F8004F3384 /* Assets.xcassets in Resources */ = {isa = PBXBuildFile; fileRef = 92ADA99F2C5689F8004F3384 /* Assets.xcassets */; };
		92ADA9A32C5689F8004F3384 /* Preview Assets.xcassets in Resources */ = {isa = PBXBuildFile; fileRef = 92ADA9A22C5689F8004F3384 /* Preview Assets.xcassets */; };
		92FB13D22CA810D900614BB3 /* IslemEkle.swift in Sources */ = {isa = PBXBuildFile; fileRef = 92FB13D12CA810D900614BB3 /* IslemEkle.swift */; };
		92FB13D52CA812E600614BB3 /* CalisanaIslemEkle.swift in Sources */ = {isa = PBXBuildFile; fileRef = 92FB13D42CA812E600614BB3 /* CalisanaIslemEkle.swift */; };
		92FF3DED2C6B6DA800A2CBA7 /* AracDetaySonTarihler.swift in Sources */ = {isa = PBXBuildFile; fileRef = 92FF3DEC2C6B6DA800A2CBA7 /* AracDetaySonTarihler.swift */; };
		92FF3DEF2C6B81DB00A2CBA7 /* PlakayaIslemEkle.swift in Sources */ = {isa = PBXBuildFile; fileRef = 92FF3DEE2C6B81DB00A2CBA7 /* PlakayaIslemEkle.swift */; };
/* End PBXBuildFile section */

/* Begin PBXFileReference section */
		9211CEAC2CB53D6B00287AC5 /* DigerRaporDetayDraft1.swift */ = {isa = PBXFileReference; lastKnownFileType = sourcecode.swift; path = DigerRaporDetayDraft1.swift; sourceTree = "<group>"; };
		9225525E2C568CF900728673 /* Rotalar.swift */ = {isa = PBXFileReference; fileEncoding = 4; lastKnownFileType = sourcecode.swift; path = Rotalar.swift; sourceTree = "<group>"; };
		9225525F2C568CF900728673 /* Ana Sayfa.swift */ = {isa = PBXFileReference; fileEncoding = 4; lastKnownFileType = sourcecode.swift; path = "Ana Sayfa.swift"; sourceTree = "<group>"; };
		922552602C568CF900728673 /* Çalışanlar.swift */ = {isa = PBXFileReference; fileEncoding = 4; lastKnownFileType = sourcecode.swift; path = "Çalışanlar.swift"; sourceTree = "<group>"; };
		922552622C568CFA00728673 /* Araçlar.swift */ = {isa = PBXFileReference; fileEncoding = 4; lastKnownFileType = sourcecode.swift; path = "Araçlar.swift"; sourceTree = "<group>"; };
		9225526E2C568DA000728673 /* Butonlar.swift */ = {isa = PBXFileReference; fileEncoding = 4; lastKnownFileType = sourcecode.swift; path = Butonlar.swift; sourceTree = "<group>"; };
		9225526F2C568DA000728673 /* Genel.swift */ = {isa = PBXFileReference; fileEncoding = 4; lastKnownFileType = sourcecode.swift; path = Genel.swift; sourceTree = "<group>"; };
		922552702C568DA000728673 /* Yazı Tipleri.swift */ = {isa = PBXFileReference; fileEncoding = 4; lastKnownFileType = sourcecode.swift; path = "Yazı Tipleri.swift"; sourceTree = "<group>"; };
		9245CFBA2CB67A7F00B5B424 /* ToplamGiderler.swift */ = {isa = PBXFileReference; lastKnownFileType = sourcecode.swift; path = ToplamGiderler.swift; sourceTree = "<group>"; };
		9245CFBB2CB67A7F00B5B424 /* YaklasanTarihler.swift */ = {isa = PBXFileReference; lastKnownFileType = sourcecode.swift; path = YaklasanTarihler.swift; sourceTree = "<group>"; };
		924CBD3F2CA417110075F40A /* RotaOluştur.swift */ = {isa = PBXFileReference; lastKnownFileType = sourcecode.swift; path = "RotaOluştur.swift"; sourceTree = "<group>"; };
		925EAA542C8475F5000BC695 /* CalisanEkle.swift */ = {isa = PBXFileReference; lastKnownFileType = sourcecode.swift; path = CalisanEkle.swift; sourceTree = "<group>"; };
		925EAA562C849531000BC695 /* CalisanDetay.swift */ = {isa = PBXFileReference; lastKnownFileType = sourcecode.swift; path = CalisanDetay.swift; sourceTree = "<group>"; };
		925EAA582C84A371000BC695 /* CalisanDetayGenelBilgiler.swift */ = {isa = PBXFileReference; lastKnownFileType = sourcecode.swift; path = CalisanDetayGenelBilgiler.swift; sourceTree = "<group>"; };
		925EAA5B2C84A5C5000BC695 /* CalisanDetayKaydedilenIslemler.swift */ = {isa = PBXFileReference; lastKnownFileType = sourcecode.swift; path = CalisanDetayKaydedilenIslemler.swift; sourceTree = "<group>"; };
		9294D2CF2C57DEDF00DEA119 /* AracEkle.swift */ = {isa = PBXFileReference; fileEncoding = 4; lastKnownFileType = sourcecode.swift; path = AracEkle.swift; sourceTree = "<group>"; };
		9294D2D12C57E78100DEA119 /* Arac Detayi.swift */ = {isa = PBXFileReference; lastKnownFileType = sourcecode.swift; path = "Arac Detayi.swift"; sourceTree = "<group>"; };
		9294D2D32C584AF400DEA119 /* KısayollarSheet.swift */ = {isa = PBXFileReference; fileEncoding = 4; lastKnownFileType = sourcecode.swift; path = "KısayollarSheet.swift"; sourceTree = "<group>"; };
		9294D2D52C584C6C00DEA119 /* AracDetayGenelBilgiler.swift */ = {isa = PBXFileReference; lastKnownFileType = sourcecode.swift; path = AracDetayGenelBilgiler.swift; sourceTree = "<group>"; };
		9294D2DA2C5910CF00DEA119 /* AracDetayIslemler.swift */ = {isa = PBXFileReference; lastKnownFileType = sourcecode.swift; path = AracDetayIslemler.swift; sourceTree = "<group>"; };
		9294D2DC2C5916E600DEA119 /* IslemDetayEkranı.swift */ = {isa = PBXFileReference; lastKnownFileType = sourcecode.swift; path = "IslemDetayEkranı.swift"; sourceTree = "<group>"; };
		9294D2E22C593ADA00DEA119 /* AracRaporlari.swift */ = {isa = PBXFileReference; lastKnownFileType = sourcecode.swift; path = AracRaporlari.swift; sourceTree = "<group>"; };
		929545412CAD3A4200822829 /* YakitRaporlariView.swift */ = {isa = PBXFileReference; lastKnownFileType = sourcecode.swift; path = YakitRaporlariView.swift; sourceTree = "<group>"; };
		929545472CAD3A7E00822829 /* ArizaRaporlariView.swift */ = {isa = PBXFileReference; lastKnownFileType = sourcecode.swift; path = ArizaRaporlariView.swift; sourceTree = "<group>"; };
		92ADA9982C5689F6004F3384 /* Autonomo.app */ = {isa = PBXFileReference; explicitFileType = wrapper.application; includeInIndex = 0; path = Autonomo.app; sourceTree = BUILT_PRODUCTS_DIR; };
		92ADA99B2C5689F6004F3384 /* AutonomoApp.swift */ = {isa = PBXFileReference; lastKnownFileType = sourcecode.swift; path = AutonomoApp.swift; sourceTree = "<group>"; };
		92ADA99D2C5689F6004F3384 /* MainTabView.swift */ = {isa = PBXFileReference; lastKnownFileType = sourcecode.swift; path = MainTabView.swift; sourceTree = "<group>"; };
		92ADA99F2C5689F8004F3384 /* Assets.xcassets */ = {isa = PBXFileReference; lastKnownFileType = folder.assetcatalog; path = Assets.xcassets; sourceTree = "<group>"; };
		92ADA9A22C5689F8004F3384 /* Preview Assets.xcassets */ = {isa = PBXFileReference; lastKnownFileType = folder.assetcatalog; path = "Preview Assets.xcassets"; sourceTree = "<group>"; };
		92FB13D12CA810D900614BB3 /* IslemEkle.swift */ = {isa = PBXFileReference; lastKnownFileType = sourcecode.swift; path = IslemEkle.swift; sourceTree = "<group>"; };
		92FB13D42CA812E600614BB3 /* CalisanaIslemEkle.swift */ = {isa = PBXFileReference; lastKnownFileType = sourcecode.swift; path = CalisanaIslemEkle.swift; sourceTree = "<group>"; };
		92FF3DEC2C6B6DA800A2CBA7 /* AracDetaySonTarihler.swift */ = {isa = PBXFileReference; lastKnownFileType = sourcecode.swift; path = AracDetaySonTarihler.swift; sourceTree = "<group>"; };
		92FF3DEE2C6B81DB00A2CBA7 /* PlakayaIslemEkle.swift */ = {isa = PBXFileReference; lastKnownFileType = sourcecode.swift; path = PlakayaIslemEkle.swift; sourceTree = "<group>"; };
/* End PBXFileReference section */

/* Begin PBXFileSystemSynchronizedRootGroup section */
		9245CFC02CB67C7B00B5B424 /* Raporlar Component */ = {isa = PBXFileSystemSynchronizedRootGroup; explicitFileTypes = {}; explicitFolders = (); path = "Raporlar Component"; sourceTree = "<group>"; };
		9245CFC12CB67CA300B5B424 /* Ekranlar */ = {isa = PBXFileSystemSynchronizedRootGroup; explicitFileTypes = {}; explicitFolders = (); path = Ekranlar; sourceTree = "<group>"; };
		92CF46CE2CABF1AE00E2EC94 /* Components */ = {isa = PBXFileSystemSynchronizedRootGroup; explicitFileTypes = {}; explicitFolders = (); path = Components; sourceTree = "<group>"; };
		92FB13D82CA83F3000614BB3 /* RotaDetay */ = {isa = PBXFileSystemSynchronizedRootGroup; explicitFileTypes = {}; explicitFolders = (); path = RotaDetay; sourceTree = "<group>"; };
/* End PBXFileSystemSynchronizedRootGroup section */

/* Begin PBXFrameworksBuildPhase section */
		92ADA9952C5689F6004F3384 /* Frameworks */ = {
			isa = PBXFrameworksBuildPhase;
			buildActionMask = 2147483647;
			files = (
			);
			runOnlyForDeploymentPostprocessing = 0;
		};
/* End PBXFrameworksBuildPhase section */

/* Begin PBXGroup section */
		9211CEAE2CB53D9000287AC5 /* Drafts */ = {
			isa = PBXGroup;
			children = (
				9211CEAC2CB53D6B00287AC5 /* DigerRaporDetayDraft1.swift */,
			);
			path = Drafts;
			sourceTree = "<group>";
		};
		922552682C568D2600728673 /* AnaSayfaView */ = {
			isa = PBXGroup;
			children = (
				9225525F2C568CF900728673 /* Ana Sayfa.swift */,
				9294D2D32C584AF400DEA119 /* KısayollarSheet.swift */,
				92FB13D12CA810D900614BB3 /* IslemEkle.swift */,
			);
			path = AnaSayfaView;
			sourceTree = "<group>";
		};
		922552692C568D3200728673 /* AraçlarView */ = {
			isa = PBXGroup;
			children = (
				922552622C568CFA00728673 /* Araçlar.swift */,
				9294D2CF2C57DEDF00DEA119 /* AracEkle.swift */,
				92FB13D32CA8115D00614BB3 /* Araç Detay */,
			);
			path = "AraçlarView";
			sourceTree = "<group>";
		};
		9225526A2C568D3900728673 /* ÇalışanlarView */ = {
			isa = PBXGroup;
			children = (
				922552602C568CF900728673 /* Çalışanlar.swift */,
				925EAA542C8475F5000BC695 /* CalisanEkle.swift */,
				925FDB4B2CA2FDA100099618 /* Çalışan Detay */,
			);
			path = "ÇalışanlarView";
			sourceTree = "<group>";
		};
		9225526B2C568D3E00728673 /* RaporlarView */ = {
			isa = PBXGroup;
			children = (
				9245CFC12CB67CA300B5B424 /* Ekranlar */,
				929545402CAD3A2E00822829 /* Rapor Kategorileri */,
				9245CFC02CB67C7B00B5B424 /* Raporlar Component */,
			);
			path = RaporlarView;
			sourceTree = "<group>";
		};
		9225526C2C568D4200728673 /* RotalarView */ = {
			isa = PBXGroup;
			children = (
				9225525E2C568CF900728673 /* Rotalar.swift */,
				924CBD3F2CA417110075F40A /* RotaOluştur.swift */,
				92FB13D82CA83F3000614BB3 /* RotaDetay */,
			);
			path = RotalarView;
			sourceTree = "<group>";
		};
		922552712C568DA000728673 /* Set */ = {
			isa = PBXGroup;
			children = (
				9225526E2C568DA000728673 /* Butonlar.swift */,
				9225526F2C568DA000728673 /* Genel.swift */,
				922552702C568DA000728673 /* Yazı Tipleri.swift */,
			);
			path = Set;
			sourceTree = "<group>";
		};
		925FDB4B2CA2FDA100099618 /* Çalışan Detay */ = {
			isa = PBXGroup;
			children = (
				925EAA562C849531000BC695 /* CalisanDetay.swift */,
				925EAA582C84A371000BC695 /* CalisanDetayGenelBilgiler.swift */,
				925EAA5B2C84A5C5000BC695 /* CalisanDetayKaydedilenIslemler.swift */,
				92FB13D42CA812E600614BB3 /* CalisanaIslemEkle.swift */,
			);
			path = "Çalışan Detay";
			sourceTree = "<group>";
		};
		929545402CAD3A2E00822829 /* Rapor Kategorileri */ = {
			isa = PBXGroup;
			children = (
				9245CFBA2CB67A7F00B5B424 /* ToplamGiderler.swift */,
				929545412CAD3A4200822829 /* YakitRaporlariView.swift */,
				929545472CAD3A7E00822829 /* ArizaRaporlariView.swift */,
				9245CFBB2CB67A7F00B5B424 /* YaklasanTarihler.swift */,
			);
			path = "Rapor Kategorileri";
			sourceTree = "<group>";
		};
		92ADA98F2C5689F6004F3384 = {
			isa = PBXGroup;
			children = (
				92ADA99A2C5689F6004F3384 /* Autonomo */,
				92ADA9992C5689F6004F3384 /* Products */,
			);
			sourceTree = "<group>";
		};
		92ADA9992C5689F6004F3384 /* Products */ = {
			isa = PBXGroup;
			children = (
				92ADA9982C5689F6004F3384 /* Autonomo.app */,
			);
			name = Products;
			sourceTree = "<group>";
		};
		92ADA99A2C5689F6004F3384 /* Autonomo */ = {
			isa = PBXGroup;
			children = (
				92ADA9A92C568A28004F3384 /* App */,
				922552712C568DA000728673 /* Set */,
				92ADA9AA2C568A35004F3384 /* Core */,
				92ADA9AC2C568A51004F3384 /* Model */,
				9211CEAE2CB53D9000287AC5 /* Drafts */,
				92ADA9A12C5689F8004F3384 /* Preview Content */,
			);
			path = Autonomo;
			sourceTree = "<group>";
		};
		92ADA9A12C5689F8004F3384 /* Preview Content */ = {
			isa = PBXGroup;
			children = (
				92ADA9A22C5689F8004F3384 /* Preview Assets.xcassets */,
			);
			path = "Preview Content";
			sourceTree = "<group>";
		};
		92ADA9A92C568A28004F3384 /* App */ = {
			isa = PBXGroup;
			children = (
				92ADA99B2C5689F6004F3384 /* AutonomoApp.swift */,
				92ADA99F2C5689F8004F3384 /* Assets.xcassets */,
			);
			path = App;
			sourceTree = "<group>";
		};
		92ADA9AA2C568A35004F3384 /* Core */ = {
			isa = PBXGroup;
			children = (
				92CF46CE2CABF1AE00E2EC94 /* Components */,
				92ADA9AF2C568A92004F3384 /* TabBar */,
				922552682C568D2600728673 /* AnaSayfaView */,
				922552692C568D3200728673 /* AraçlarView */,
				9225526A2C568D3900728673 /* ÇalışanlarView */,
				9225526C2C568D4200728673 /* RotalarView */,
				9225526B2C568D3E00728673 /* RaporlarView */,
			);
			path = Core;
			sourceTree = "<group>";
		};
		92ADA9AC2C568A51004F3384 /* Model */ = {
			isa = PBXGroup;
			children = (
			);
			path = Model;
			sourceTree = "<group>";
		};
		92ADA9AF2C568A92004F3384 /* TabBar */ = {
			isa = PBXGroup;
			children = (
				92ADA99D2C5689F6004F3384 /* MainTabView.swift */,
			);
			path = TabBar;
			sourceTree = "<group>";
		};
		92FB13D32CA8115D00614BB3 /* Araç Detay */ = {
			isa = PBXGroup;
			children = (
				9294D2D12C57E78100DEA119 /* Arac Detayi.swift */,
				9294D2D52C584C6C00DEA119 /* AracDetayGenelBilgiler.swift */,
				92FF3DEC2C6B6DA800A2CBA7 /* AracDetaySonTarihler.swift */,
				9294D2DA2C5910CF00DEA119 /* AracDetayIslemler.swift */,
				9294D2DC2C5916E600DEA119 /* IslemDetayEkranı.swift */,
				9294D2E22C593ADA00DEA119 /* AracRaporlari.swift */,
				92FF3DEE2C6B81DB00A2CBA7 /* PlakayaIslemEkle.swift */,
			);
			path = "Araç Detay";
			sourceTree = "<group>";
		};
/* End PBXGroup section */

/* Begin PBXNativeTarget section */
		92ADA9972C5689F6004F3384 /* Autonomo */ = {
			isa = PBXNativeTarget;
			buildConfigurationList = 92ADA9A62C5689F8004F3384 /* Build configuration list for PBXNativeTarget "Autonomo" */;
			buildPhases = (
				92ADA9942C5689F6004F3384 /* Sources */,
				92ADA9952C5689F6004F3384 /* Frameworks */,
				92ADA9962C5689F6004F3384 /* Resources */,
			);
			buildRules = (
			);
			dependencies = (
			);
			fileSystemSynchronizedGroups = (
				9245CFC02CB67C7B00B5B424 /* Raporlar Component */,
				9245CFC12CB67CA300B5B424 /* Ekranlar */,
				92CF46CE2CABF1AE00E2EC94 /* Components */,
				92FB13D82CA83F3000614BB3 /* RotaDetay */,
			);
			name = Autonomo;
			productName = Autonomo;
			productReference = 92ADA9982C5689F6004F3384 /* Autonomo.app */;
			productType = "com.apple.product-type.application";
		};
/* End PBXNativeTarget section */

/* Begin PBXProject section */
		92ADA9902C5689F6004F3384 /* Project object */ = {
			isa = PBXProject;
			attributes = {
				BuildIndependentTargetsInParallel = 1;
				LastSwiftUpdateCheck = 1530;
				LastUpgradeCheck = 1530;
				TargetAttributes = {
					92ADA9972C5689F6004F3384 = {
						CreatedOnToolsVersion = 15.3;
					};
				};
			};
			buildConfigurationList = 92ADA9932C5689F6004F3384 /* Build configuration list for PBXProject "Autonomo" */;
			compatibilityVersion = "Xcode 14.0";
			developmentRegion = en;
			hasScannedForEncodings = 0;
			knownRegions = (
				en,
				Base,
			);
			mainGroup = 92ADA98F2C5689F6004F3384;
			productRefGroup = 92ADA9992C5689F6004F3384 /* Products */;
			projectDirPath = "";
			projectRoot = "";
			targets = (
				92ADA9972C5689F6004F3384 /* Autonomo */,
			);
		};
/* End PBXProject section */

/* Begin PBXResourcesBuildPhase section */
		92ADA9962C5689F6004F3384 /* Resources */ = {
			isa = PBXResourcesBuildPhase;
			buildActionMask = 2147483647;
			files = (
				92ADA9A32C5689F8004F3384 /* Preview Assets.xcassets in Resources */,
				92ADA9A02C5689F8004F3384 /* Assets.xcassets in Resources */,
			);
			runOnlyForDeploymentPostprocessing = 0;
		};
/* End PBXResourcesBuildPhase section */

/* Begin PBXSourcesBuildPhase section */
		92ADA9942C5689F6004F3384 /* Sources */ = {
			isa = PBXSourcesBuildPhase;
			buildActionMask = 2147483647;
			files = (
				9294D2D42C584AF400DEA119 /* KısayollarSheet.swift in Sources */,
				922552722C568DA000728673 /* Butonlar.swift in Sources */,
				9294D2D62C584C6C00DEA119 /* AracDetayGenelBilgiler.swift in Sources */,
				925EAA572C849531000BC695 /* CalisanDetay.swift in Sources */,
				92FF3DED2C6B6DA800A2CBA7 /* AracDetaySonTarihler.swift in Sources */,
				9294D2D02C57DEE000DEA119 /* AracEkle.swift in Sources */,
				9294D2DD2C5916E600DEA119 /* IslemDetayEkranı.swift in Sources */,
				922552652C568CFA00728673 /* Çalışanlar.swift in Sources */,
				925EAA5C2C84A5C5000BC695 /* CalisanDetayKaydedilenIslemler.swift in Sources */,
				922552732C568DA000728673 /* Genel.swift in Sources */,
				9245CFBE2CB67A7F00B5B424 /* ToplamGiderler.swift in Sources */,
				9245CFBF2CB67A7F00B5B424 /* YaklasanTarihler.swift in Sources */,
				92ADA99E2C5689F6004F3384 /* MainTabView.swift in Sources */,
				929545422CAD3A4200822829 /* YakitRaporlariView.swift in Sources */,
				922552632C568CFA00728673 /* Rotalar.swift in Sources */,
				922552642C568CFA00728673 /* Ana Sayfa.swift in Sources */,
				922552672C568CFA00728673 /* Araçlar.swift in Sources */,
				9294D2DB2C5910CF00DEA119 /* AracDetayIslemler.swift in Sources */,
				925EAA552C8475F5000BC695 /* CalisanEkle.swift in Sources */,
				92FF3DEF2C6B81DB00A2CBA7 /* PlakayaIslemEkle.swift in Sources */,
				92FB13D52CA812E600614BB3 /* CalisanaIslemEkle.swift in Sources */,
				9211CEAD2CB53D6B00287AC5 /* DigerRaporDetayDraft1.swift in Sources */,
				92FB13D22CA810D900614BB3 /* IslemEkle.swift in Sources */,
				9294D2D22C57E78200DEA119 /* Arac Detayi.swift in Sources */,
				924CBD402CA417110075F40A /* RotaOluştur.swift in Sources */,
				92ADA99C2C5689F6004F3384 /* AutonomoApp.swift in Sources */,
				925EAA592C84A372000BC695 /* CalisanDetayGenelBilgiler.swift in Sources */,
				929545482CAD3A7E00822829 /* ArizaRaporlariView.swift in Sources */,
				922552742C568DA000728673 /* Yazı Tipleri.swift in Sources */,
				9294D2E32C593ADA00DEA119 /* AracRaporlari.swift in Sources */,
			);
			runOnlyForDeploymentPostprocessing = 0;
		};
/* End PBXSourcesBuildPhase section */

/* Begin XCBuildConfiguration section */
		92ADA9A42C5689F8004F3384 /* Debug */ = {
			isa = XCBuildConfiguration;
			buildSettings = {
				ALWAYS_SEARCH_USER_PATHS = NO;
				ASSETCATALOG_COMPILER_GENERATE_SWIFT_ASSET_SYMBOL_EXTENSIONS = YES;
				CLANG_ANALYZER_NONNULL = YES;
				CLANG_ANALYZER_NUMBER_OBJECT_CONVERSION = YES_AGGRESSIVE;
				CLANG_CXX_LANGUAGE_STANDARD = "gnu++20";
				CLANG_ENABLE_MODULES = YES;
				CLANG_ENABLE_OBJC_ARC = YES;
				CLANG_ENABLE_OBJC_WEAK = YES;
				CLANG_WARN_BLOCK_CAPTURE_AUTORELEASING = YES;
				CLANG_WARN_BOOL_CONVERSION = YES;
				CLANG_WARN_COMMA = YES;
				CLANG_WARN_CONSTANT_CONVERSION = YES;
				CLANG_WARN_DEPRECATED_OBJC_IMPLEMENTATIONS = YES;
				CLANG_WARN_DIRECT_OBJC_ISA_USAGE = YES_ERROR;
				CLANG_WARN_DOCUMENTATION_COMMENTS = YES;
				CLANG_WARN_EMPTY_BODY = YES;
				CLANG_WARN_ENUM_CONVERSION = YES;
				CLANG_WARN_INFINITE_RECURSION = YES;
				CLANG_WARN_INT_CONVERSION = YES;
				CLANG_WARN_NON_LITERAL_NULL_CONVERSION = YES;
				CLANG_WARN_OBJC_IMPLICIT_RETAIN_SELF = YES;
				CLANG_WARN_OBJC_LITERAL_CONVERSION = YES;
				CLANG_WARN_OBJC_ROOT_CLASS = YES_ERROR;
				CLANG_WARN_QUOTED_INCLUDE_IN_FRAMEWORK_HEADER = YES;
				CLANG_WARN_RANGE_LOOP_ANALYSIS = YES;
				CLANG_WARN_STRICT_PROTOTYPES = YES;
				CLANG_WARN_SUSPICIOUS_MOVE = YES;
				CLANG_WARN_UNGUARDED_AVAILABILITY = YES_AGGRESSIVE;
				CLANG_WARN_UNREACHABLE_CODE = YES;
				CLANG_WARN__DUPLICATE_METHOD_MATCH = YES;
				COPY_PHASE_STRIP = NO;
				DEBUG_INFORMATION_FORMAT = dwarf;
				ENABLE_STRICT_OBJC_MSGSEND = YES;
				ENABLE_TESTABILITY = YES;
				ENABLE_USER_SCRIPT_SANDBOXING = YES;
				GCC_C_LANGUAGE_STANDARD = gnu17;
				GCC_DYNAMIC_NO_PIC = NO;
				GCC_NO_COMMON_BLOCKS = YES;
				GCC_OPTIMIZATION_LEVEL = 0;
				GCC_PREPROCESSOR_DEFINITIONS = (
					"DEBUG=1",
					"$(inherited)",
				);
				GCC_WARN_64_TO_32_BIT_CONVERSION = YES;
				GCC_WARN_ABOUT_RETURN_TYPE = YES_ERROR;
				GCC_WARN_UNDECLARED_SELECTOR = YES;
				GCC_WARN_UNINITIALIZED_AUTOS = YES_AGGRESSIVE;
				GCC_WARN_UNUSED_FUNCTION = YES;
				GCC_WARN_UNUSED_VARIABLE = YES;
				IPHONEOS_DEPLOYMENT_TARGET = 17.4;
				LOCALIZATION_PREFERS_STRING_CATALOGS = YES;
				MTL_ENABLE_DEBUG_INFO = INCLUDE_SOURCE;
				MTL_FAST_MATH = YES;
				ONLY_ACTIVE_ARCH = YES;
				SDKROOT = iphoneos;
				SWIFT_ACTIVE_COMPILATION_CONDITIONS = "DEBUG $(inherited)";
				SWIFT_OPTIMIZATION_LEVEL = "-Onone";
			};
			name = Debug;
		};
		92ADA9A52C5689F8004F3384 /* Release */ = {
			isa = XCBuildConfiguration;
			buildSettings = {
				ALWAYS_SEARCH_USER_PATHS = NO;
				ASSETCATALOG_COMPILER_GENERATE_SWIFT_ASSET_SYMBOL_EXTENSIONS = YES;
				CLANG_ANALYZER_NONNULL = YES;
				CLANG_ANALYZER_NUMBER_OBJECT_CONVERSION = YES_AGGRESSIVE;
				CLANG_CXX_LANGUAGE_STANDARD = "gnu++20";
				CLANG_ENABLE_MODULES = YES;
				CLANG_ENABLE_OBJC_ARC = YES;
				CLANG_ENABLE_OBJC_WEAK = YES;
				CLANG_WARN_BLOCK_CAPTURE_AUTORELEASING = YES;
				CLANG_WARN_BOOL_CONVERSION = YES;
				CLANG_WARN_COMMA = YES;
				CLANG_WARN_CONSTANT_CONVERSION = YES;
				CLANG_WARN_DEPRECATED_OBJC_IMPLEMENTATIONS = YES;
				CLANG_WARN_DIRECT_OBJC_ISA_USAGE = YES_ERROR;
				CLANG_WARN_DOCUMENTATION_COMMENTS = YES;
				CLANG_WARN_EMPTY_BODY = YES;
				CLANG_WARN_ENUM_CONVERSION = YES;
				CLANG_WARN_INFINITE_RECURSION = YES;
				CLANG_WARN_INT_CONVERSION = YES;
				CLANG_WARN_NON_LITERAL_NULL_CONVERSION = YES;
				CLANG_WARN_OBJC_IMPLICIT_RETAIN_SELF = YES;
				CLANG_WARN_OBJC_LITERAL_CONVERSION = YES;
				CLANG_WARN_OBJC_ROOT_CLASS = YES_ERROR;
				CLANG_WARN_QUOTED_INCLUDE_IN_FRAMEWORK_HEADER = YES;
				CLANG_WARN_RANGE_LOOP_ANALYSIS = YES;
				CLANG_WARN_STRICT_PROTOTYPES = YES;
				CLANG_WARN_SUSPICIOUS_MOVE = YES;
				CLANG_WARN_UNGUARDED_AVAILABILITY = YES_AGGRESSIVE;
				CLANG_WARN_UNREACHABLE_CODE = YES;
				CLANG_WARN__DUPLICATE_METHOD_MATCH = YES;
				COPY_PHASE_STRIP = NO;
				DEBUG_INFORMATION_FORMAT = "dwarf-with-dsym";
				ENABLE_NS_ASSERTIONS = NO;
				ENABLE_STRICT_OBJC_MSGSEND = YES;
				ENABLE_USER_SCRIPT_SANDBOXING = YES;
				GCC_C_LANGUAGE_STANDARD = gnu17;
				GCC_NO_COMMON_BLOCKS = YES;
				GCC_WARN_64_TO_32_BIT_CONVERSION = YES;
				GCC_WARN_ABOUT_RETURN_TYPE = YES_ERROR;
				GCC_WARN_UNDECLARED_SELECTOR = YES;
				GCC_WARN_UNINITIALIZED_AUTOS = YES_AGGRESSIVE;
				GCC_WARN_UNUSED_FUNCTION = YES;
				GCC_WARN_UNUSED_VARIABLE = YES;
				IPHONEOS_DEPLOYMENT_TARGET = 17.4;
				LOCALIZATION_PREFERS_STRING_CATALOGS = YES;
				MTL_ENABLE_DEBUG_INFO = NO;
				MTL_FAST_MATH = YES;
				SDKROOT = iphoneos;
				SWIFT_COMPILATION_MODE = wholemodule;
				VALIDATE_PRODUCT = YES;
			};
			name = Release;
		};
		92ADA9A72C5689F8004F3384 /* Debug */ = {
			isa = XCBuildConfiguration;
			buildSettings = {
				ASSETCATALOG_COMPILER_APPICON_NAME = AppIcon;
				ASSETCATALOG_COMPILER_GLOBAL_ACCENT_COLOR_NAME = AccentColor;
				CODE_SIGN_STYLE = Automatic;
				CURRENT_PROJECT_VERSION = 1;
				DEVELOPMENT_ASSET_PATHS = "\"Autonomo/Preview Content\"";
				DEVELOPMENT_TEAM = 342U6GYQNF;
				ENABLE_PREVIEWS = YES;
				GENERATE_INFOPLIST_FILE = YES;
				INFOPLIST_KEY_UIApplicationSceneManifest_Generation = YES;
				INFOPLIST_KEY_UIApplicationSupportsIndirectInputEvents = YES;
				INFOPLIST_KEY_UILaunchScreen_Generation = YES;
				INFOPLIST_KEY_UIStatusBarStyle = UIStatusBarStyleDarkContent;
				INFOPLIST_KEY_UISupportedInterfaceOrientations = UIInterfaceOrientationPortrait;
				LD_RUNPATH_SEARCH_PATHS = (
					"$(inherited)",
					"@executable_path/Frameworks",
				);
				MARKETING_VERSION = 1.0;
				PRODUCT_BUNDLE_IDENTIFIER = com.metemuhammetturan.Autonom;
				PRODUCT_NAME = "$(TARGET_NAME)";
				SWIFT_EMIT_LOC_STRINGS = YES;
				SWIFT_VERSION = 5.0;
				TARGETED_DEVICE_FAMILY = "1,2";
			};
			name = Debug;
		};
		92ADA9A82C5689F8004F3384 /* Release */ = {
			isa = XCBuildConfiguration;
			buildSettings = {
				ASSETCATALOG_COMPILER_APPICON_NAME = AppIcon;
				ASSETCATALOG_COMPILER_GLOBAL_ACCENT_COLOR_NAME = AccentColor;
				CODE_SIGN_STYLE = Automatic;
				CURRENT_PROJECT_VERSION = 1;
				DEVELOPMENT_ASSET_PATHS = "\"Autonomo/Preview Content\"";
				DEVELOPMENT_TEAM = 342U6GYQNF;
				ENABLE_PREVIEWS = YES;
				GENERATE_INFOPLIST_FILE = YES;
				INFOPLIST_KEY_UIApplicationSceneManifest_Generation = YES;
				INFOPLIST_KEY_UIApplicationSupportsIndirectInputEvents = YES;
				INFOPLIST_KEY_UILaunchScreen_Generation = YES;
				INFOPLIST_KEY_UIStatusBarStyle = UIStatusBarStyleDarkContent;
				INFOPLIST_KEY_UISupportedInterfaceOrientations = UIInterfaceOrientationPortrait;
				LD_RUNPATH_SEARCH_PATHS = (
					"$(inherited)",
					"@executable_path/Frameworks",
				);
				MARKETING_VERSION = 1.0;
				PRODUCT_BUNDLE_IDENTIFIER = com.metemuhammetturan.Autonom;
				PRODUCT_NAME = "$(TARGET_NAME)";
				SWIFT_EMIT_LOC_STRINGS = YES;
				SWIFT_VERSION = 5.0;
				TARGETED_DEVICE_FAMILY = "1,2";
			};
			name = Release;
		};
/* End XCBuildConfiguration section */

/* Begin XCConfigurationList section */
		92ADA9932C5689F6004F3384 /* Build configuration list for PBXProject "Autonomo" */ = {
			isa = XCConfigurationList;
			buildConfigurations = (
				92ADA9A42C5689F8004F3384 /* Debug */,
				92ADA9A52C5689F8004F3384 /* Release */,
			);
			defaultConfigurationIsVisible = 0;
			defaultConfigurationName = Release;
		};
		92ADA9A62C5689F8004F3384 /* Build configuration list for PBXNativeTarget "Autonomo" */ = {
			isa = XCConfigurationList;
			buildConfigurations = (
				92ADA9A72C5689F8004F3384 /* Debug */,
				92ADA9A82C5689F8004F3384 /* Release */,
			);
			defaultConfigurationIsVisible = 0;
			defaultConfigurationName = Release;
		};
/* End XCConfigurationList section */
	};
	rootObject = 92ADA9902C5689F6004F3384 /* Project object */;
}
